
Microsoft Visual Studio Solution File, Format Version 12.00
# Visual Studio Version 17
VisualStudioVersion = 17.6.33717.318
MinimumVisualStudioVersion = 10.0.40219.1
Project("{9A19103F-16F7-4668-BE54-9A1E7A4F7556}") = "ex0004", "ex0004\ex0004.csproj", "{C6C3017E-202B-4531-A9C2-1A1D1259FBE4}"
EndProject
Project("{9A19103F-16F7-4668-BE54-9A1E7A4F7556}") = "ex0006", "ex0006\ex0006.csproj", "{FAB4B0FE-AD2C-4736-BC9D-47A52A973CE0}"
EndProject
Project("{9A19103F-16F7-4668-BE54-9A1E7A4F7556}") = "ex0008", "ex0008\ex0008.csproj", "{E0F33E43-FB68-45A7-9839-A76289131FA8}"
EndProject
Project("{9A19103F-16F7-4668-BE54-9A1E7A4F7556}") = "ex0009", "ex0009\ex0009.csproj", "{108E158C-A4CA-47D3-BC57-A7E6F7C05D36}"
EndProject
Project("{9A19103F-16F7-4668-BE54-9A1E7A4F7556}") = "ex0011", "ex0011\ex0011.csproj", "{C31BCBB2-B9BD-4FB7-A4E7-47E8CA4E7D1B}"
EndProject
Project("{9A19103F-16F7-4668-BE54-9A1E7A4F7556}") = "ex0012", "ex0012\ex0012.csproj", "{EA3808F0-D858-409C-97AC-6B227E12ECC8}"
EndProject
Project("{9A19103F-16F7-4668-BE54-9A1E7A4F7556}") = "ex0013", "ex0013\ex0013.csproj", "{566337DD-064F-4AA8-94C8-71EC0BCA1EC0}"
EndProject
Project("{9A19103F-16F7-4668-BE54-9A1E7A4F7556}") = "ex0014", "ex0014\ex0014.csproj", "{3E8985BB-2E81-45D0-930B-9FD4AC8058C6}"
EndProject
Project("{9A19103F-16F7-4668-BE54-9A1E7A4F7556}") = "ex0016", "ex0016\ex0016.csproj", "{E4732EDB-2A1F-4E0D-AD66-8520C627C147}"
EndProject
Project("{9A19103F-16F7-4668-BE54-9A1E7A4F7556}") = "ex0017", "ex0017\ex0017.csproj", "{1C113C45-2444-473F-B363-5435E27AE994}"
EndProject
Project("{9A19103F-16F7-4668-BE54-9A1E7A4F7556}") = "ex0020", "ex0020\ex0020.csproj", "{C16C8B4F-56A1-4701-92BA-EBA5C7A97272}"
EndProject
Project("{9A19103F-16F7-4668-BE54-9A1E7A4F7556}") = "ex0035", "ex0035\ex0035.csproj", "{1E1201F0-3D07-4A2C-9F5A-4C2B9FBD27CF}"
EndProject
Project("{9A19103F-16F7-4668-BE54-9A1E7A4F7556}") = "ex0018", "ex0018\ex0018.csproj", "{63C8BA24-2FF5-49D5-89A1-89D874360E1E}"
EndProject
Project("{9A19103F-16F7-4668-BE54-9A1E7A4F7556}") = "ex0067", "ex0067\ex0067.csproj", "{D24B87EB-385E-4E62-9F80-E08A9A236FDA}"
EndProject
Project("{9A19103F-16F7-4668-BE54-9A1E7A4F7556}") = "ex0019", "ex0019\ex0019.csproj", "{5C381EF3-1B26-4E50-87B9-0D1342BE7818}"
EndProject
Project("{9A19103F-16F7-4668-BE54-9A1E7A4F7556}") = "ex0021", "ex0021\ex0021.csproj", "{B52FB075-F311-46CA-A722-0E6367BB8E2A}"
EndProject
Project("{9A19103F-16F7-4668-BE54-9A1E7A4F7556}") = "ex0022", "ex0022\ex0022.csproj", "{F9D305A6-57A1-4162-9681-3976A8CD6545}"
EndProject
Project("{9A19103F-16F7-4668-BE54-9A1E7A4F7556}") = "ex0023", "ex0023\ex0023.csproj", "{A9064E04-A3B0-4B6F-9C4F-E4846E819508}"
EndProject
Project("{9A19103F-16F7-4668-BE54-9A1E7A4F7556}") = "ex0024", "ex0024\ex0024.csproj", "{C3511EF3-5010-49AE-B440-07AF087B626C}"
EndProject
Project("{9A19103F-16F7-4668-BE54-9A1E7A4F7556}") = "ex0026", "ex0026\ex0026.csproj", "{20E30E16-9B95-4562-A0CE-616A732FC35D}"
EndProject
Project("{9A19103F-16F7-4668-BE54-9A1E7A4F7556}") = "ex0027", "ex0027\ex0027.csproj", "{0A0435B9-017B-41B3-BCD1-678DA9F8E590}"
EndProject
Project("{9A19103F-16F7-4668-BE54-9A1E7A4F7556}") = "ex0028", "ex0028\ex0028.csproj", "{E710BA35-6033-4653-926F-BA44F7A8A258}"
EndProject
Project("{9A19103F-16F7-4668-BE54-9A1E7A4F7556}") = "ex0029", "ex0029\ex0029.csproj", "{C9FF88B2-A097-488B-999A-3A2DA5D5538F}"
EndProject
Project("{9A19103F-16F7-4668-BE54-9A1E7A4F7556}") = "ex0030", "ex0030\ex0030.csproj", "{BB224027-9F5B-4A5A-8369-60A9EE01C1EB}"
EndProject
Project("{9A19103F-16F7-4668-BE54-9A1E7A4F7556}") = "ex0031", "ex0031\ex0031.csproj", "{F4B66B88-4DDD-4F91-9A53-5C3D375B2D5B}"
EndProject
Project("{9A19103F-16F7-4668-BE54-9A1E7A4F7556}") = "ex0032", "ex0032\ex0032.csproj", "{63B4E7F3-CB6A-4BA7-B484-0DD2817EC9D0}"
EndProject
Project("{9A19103F-16F7-4668-BE54-9A1E7A4F7556}") = "ex0033", "ex0033\ex0033.csproj", "{6F9BAB81-F1CF-414A-B926-F4C005982863}"
EndProject
Project("{9A19103F-16F7-4668-BE54-9A1E7A4F7556}") = "_library", "_library\_library.csproj", "{DBFEFB66-AB54-4190-8B1B-4FC10C2CA65F}"
EndProject
Project("{9A19103F-16F7-4668-BE54-9A1E7A4F7556}") = "ex0034", "ex0034\ex0034.csproj", "{766ED185-DA87-4D2B-834A-47326C3D2CD6}"
EndProject
Project("{9A19103F-16F7-4668-BE54-9A1E7A4F7556}") = "ex0036", "ex0036\ex0036.csproj", "{F9167996-B60F-4FB1-8E57-1CE0DFA42F6B}"
EndProject
Project("{9A19103F-16F7-4668-BE54-9A1E7A4F7556}") = "ex0037", "ex0037\ex0037.csproj", "{3130BACF-19A4-4363-B654-17E7CF3F1A08}"
EndProject
Project("{9A19103F-16F7-4668-BE54-9A1E7A4F7556}") = "ex0038", "ex0038\ex0038.csproj", "{8362353C-3A71-4CB8-97E3-18715285ADD2}"
EndProject
Project("{9A19103F-16F7-4668-BE54-9A1E7A4F7556}") = "ex0039", "ex0039\ex0039.csproj", "{D7B53199-8241-4938-862B-FA73BC036E7F}"
EndProject
Project("{9A19103F-16F7-4668-BE54-9A1E7A4F7556}") = "ex0040", "ex0040\ex0040.csproj", "{39CE6CB5-BC48-4FBC-872F-9D425C93A041}"
EndProject
Project("{9A19103F-16F7-4668-BE54-9A1E7A4F7556}") = "ex0041", "ex0041\ex0041.csproj", "{BB48CC3F-0493-4B10-A80F-A0A593454100}"
EndProject
Project("{9A19103F-16F7-4668-BE54-9A1E7A4F7556}") = "ex0042", "ex0042\ex0042.csproj", "{19A29F00-398D-4FBC-B960-BBC5AB6D3EF6}"
EndProject
Project("{9A19103F-16F7-4668-BE54-9A1E7A4F7556}") = "ex0043", "ex0043\ex0043.csproj", "{14C3CE55-4A23-4BC5-BE05-50B0E5EDB173}"
EndProject
Project("{9A19103F-16F7-4668-BE54-9A1E7A4F7556}") = "ex0044", "ex0044\ex0044.csproj", "{8D8851F6-E728-4C62-A240-12DE6507B546}"
EndProject
Project("{9A19103F-16F7-4668-BE54-9A1E7A4F7556}") = "ex0045", "ex0045\ex0045.csproj", "{D6B39757-BF07-4446-8A43-98912F8BBDE6}"
EndProject
Project("{9A19103F-16F7-4668-BE54-9A1E7A4F7556}") = "ex0046", "ex0046\ex0046.csproj", "{9CF21A94-6884-4D4C-BABA-19D989555F97}"
EndProject
Project("{9A19103F-16F7-4668-BE54-9A1E7A4F7556}") = "ex0047", "ex0047\ex0047.csproj", "{874445AD-17EB-4879-8BAD-705E99C626C0}"
EndProject
Project("{9A19103F-16F7-4668-BE54-9A1E7A4F7556}") = "ex0048", "ex0048\ex0048.csproj", "{ABAAB146-EC28-4130-B74B-D84EF14B95E7}"
EndProject
Project("{9A19103F-16F7-4668-BE54-9A1E7A4F7556}") = "ex0049", "ex0049\ex0049.csproj", "{5A5111EF-00DA-4CA3-8CBF-A47CF7D397F0}"
EndProject
Project("{FAE04EC0-301F-11D3-BF4B-00C04F79EFBC}") = "ex0050", "ex0050\ex0050.csproj", "{CEE6D07B-E7C1-47F2-96A7-9C0D6088095C}"
EndProject
Project("{FAE04EC0-301F-11D3-BF4B-00C04F79EFBC}") = "ex0051", "ex0051\ex0051.csproj", "{495DC61A-281E-44D3-BD49-5282DEBD908B}"
EndProject
Global
	GlobalSection(SolutionConfigurationPlatforms) = preSolution
		Debug|Any CPU = Debug|Any CPU
		Release|Any CPU = Release|Any CPU
	EndGlobalSection
	GlobalSection(ProjectConfigurationPlatforms) = postSolution
		{C6C3017E-202B-4531-A9C2-1A1D1259FBE4}.Debug|Any CPU.ActiveCfg = Debug|Any CPU
		{C6C3017E-202B-4531-A9C2-1A1D1259FBE4}.Debug|Any CPU.Build.0 = Debug|Any CPU
		{C6C3017E-202B-4531-A9C2-1A1D1259FBE4}.Release|Any CPU.ActiveCfg = Release|Any CPU
		{C6C3017E-202B-4531-A9C2-1A1D1259FBE4}.Release|Any CPU.Build.0 = Release|Any CPU
		{FAB4B0FE-AD2C-4736-BC9D-47A52A973CE0}.Debug|Any CPU.ActiveCfg = Debug|Any CPU
		{FAB4B0FE-AD2C-4736-BC9D-47A52A973CE0}.Debug|Any CPU.Build.0 = Debug|Any CPU
		{FAB4B0FE-AD2C-4736-BC9D-47A52A973CE0}.Release|Any CPU.ActiveCfg = Release|Any CPU
		{FAB4B0FE-AD2C-4736-BC9D-47A52A973CE0}.Release|Any CPU.Build.0 = Release|Any CPU
		{E0F33E43-FB68-45A7-9839-A76289131FA8}.Debug|Any CPU.ActiveCfg = Debug|Any CPU
		{E0F33E43-FB68-45A7-9839-A76289131FA8}.Debug|Any CPU.Build.0 = Debug|Any CPU
		{E0F33E43-FB68-45A7-9839-A76289131FA8}.Release|Any CPU.ActiveCfg = Release|Any CPU
		{E0F33E43-FB68-45A7-9839-A76289131FA8}.Release|Any CPU.Build.0 = Release|Any CPU
		{108E158C-A4CA-47D3-BC57-A7E6F7C05D36}.Debug|Any CPU.ActiveCfg = Debug|Any CPU
		{108E158C-A4CA-47D3-BC57-A7E6F7C05D36}.Debug|Any CPU.Build.0 = Debug|Any CPU
		{108E158C-A4CA-47D3-BC57-A7E6F7C05D36}.Release|Any CPU.ActiveCfg = Release|Any CPU
		{108E158C-A4CA-47D3-BC57-A7E6F7C05D36}.Release|Any CPU.Build.0 = Release|Any CPU
		{C31BCBB2-B9BD-4FB7-A4E7-47E8CA4E7D1B}.Debug|Any CPU.ActiveCfg = Debug|Any CPU
		{C31BCBB2-B9BD-4FB7-A4E7-47E8CA4E7D1B}.Debug|Any CPU.Build.0 = Debug|Any CPU
		{C31BCBB2-B9BD-4FB7-A4E7-47E8CA4E7D1B}.Release|Any CPU.ActiveCfg = Release|Any CPU
		{C31BCBB2-B9BD-4FB7-A4E7-47E8CA4E7D1B}.Release|Any CPU.Build.0 = Release|Any CPU
		{EA3808F0-D858-409C-97AC-6B227E12ECC8}.Debug|Any CPU.ActiveCfg = Debug|Any CPU
		{EA3808F0-D858-409C-97AC-6B227E12ECC8}.Debug|Any CPU.Build.0 = Debug|Any CPU
		{EA3808F0-D858-409C-97AC-6B227E12ECC8}.Release|Any CPU.ActiveCfg = Release|Any CPU
		{EA3808F0-D858-409C-97AC-6B227E12ECC8}.Release|Any CPU.Build.0 = Release|Any CPU
		{566337DD-064F-4AA8-94C8-71EC0BCA1EC0}.Debug|Any CPU.ActiveCfg = Debug|Any CPU
		{566337DD-064F-4AA8-94C8-71EC0BCA1EC0}.Debug|Any CPU.Build.0 = Debug|Any CPU
		{566337DD-064F-4AA8-94C8-71EC0BCA1EC0}.Release|Any CPU.ActiveCfg = Release|Any CPU
		{566337DD-064F-4AA8-94C8-71EC0BCA1EC0}.Release|Any CPU.Build.0 = Release|Any CPU
		{3E8985BB-2E81-45D0-930B-9FD4AC8058C6}.Debug|Any CPU.ActiveCfg = Debug|Any CPU
		{3E8985BB-2E81-45D0-930B-9FD4AC8058C6}.Debug|Any CPU.Build.0 = Debug|Any CPU
		{3E8985BB-2E81-45D0-930B-9FD4AC8058C6}.Release|Any CPU.ActiveCfg = Release|Any CPU
		{3E8985BB-2E81-45D0-930B-9FD4AC8058C6}.Release|Any CPU.Build.0 = Release|Any CPU
		{E4732EDB-2A1F-4E0D-AD66-8520C627C147}.Debug|Any CPU.ActiveCfg = Debug|Any CPU
		{E4732EDB-2A1F-4E0D-AD66-8520C627C147}.Debug|Any CPU.Build.0 = Debug|Any CPU
		{E4732EDB-2A1F-4E0D-AD66-8520C627C147}.Release|Any CPU.ActiveCfg = Release|Any CPU
		{E4732EDB-2A1F-4E0D-AD66-8520C627C147}.Release|Any CPU.Build.0 = Release|Any CPU
		{1C113C45-2444-473F-B363-5435E27AE994}.Debug|Any CPU.ActiveCfg = Debug|Any CPU
		{1C113C45-2444-473F-B363-5435E27AE994}.Debug|Any CPU.Build.0 = Debug|Any CPU
		{1C113C45-2444-473F-B363-5435E27AE994}.Release|Any CPU.ActiveCfg = Release|Any CPU
		{1C113C45-2444-473F-B363-5435E27AE994}.Release|Any CPU.Build.0 = Release|Any CPU
		{C16C8B4F-56A1-4701-92BA-EBA5C7A97272}.Debug|Any CPU.ActiveCfg = Debug|Any CPU
		{C16C8B4F-56A1-4701-92BA-EBA5C7A97272}.Debug|Any CPU.Build.0 = Debug|Any CPU
		{C16C8B4F-56A1-4701-92BA-EBA5C7A97272}.Release|Any CPU.ActiveCfg = Release|Any CPU
		{C16C8B4F-56A1-4701-92BA-EBA5C7A97272}.Release|Any CPU.Build.0 = Release|Any CPU
		{1E1201F0-3D07-4A2C-9F5A-4C2B9FBD27CF}.Debug|Any CPU.ActiveCfg = Debug|Any CPU
		{1E1201F0-3D07-4A2C-9F5A-4C2B9FBD27CF}.Debug|Any CPU.Build.0 = Debug|Any CPU
		{1E1201F0-3D07-4A2C-9F5A-4C2B9FBD27CF}.Release|Any CPU.ActiveCfg = Release|Any CPU
		{1E1201F0-3D07-4A2C-9F5A-4C2B9FBD27CF}.Release|Any CPU.Build.0 = Release|Any CPU
		{63C8BA24-2FF5-49D5-89A1-89D874360E1E}.Debug|Any CPU.ActiveCfg = Debug|Any CPU
		{63C8BA24-2FF5-49D5-89A1-89D874360E1E}.Debug|Any CPU.Build.0 = Debug|Any CPU
		{63C8BA24-2FF5-49D5-89A1-89D874360E1E}.Release|Any CPU.ActiveCfg = Release|Any CPU
		{63C8BA24-2FF5-49D5-89A1-89D874360E1E}.Release|Any CPU.Build.0 = Release|Any CPU
		{D24B87EB-385E-4E62-9F80-E08A9A236FDA}.Debug|Any CPU.ActiveCfg = Debug|Any CPU
		{D24B87EB-385E-4E62-9F80-E08A9A236FDA}.Debug|Any CPU.Build.0 = Debug|Any CPU
		{D24B87EB-385E-4E62-9F80-E08A9A236FDA}.Release|Any CPU.ActiveCfg = Release|Any CPU
		{D24B87EB-385E-4E62-9F80-E08A9A236FDA}.Release|Any CPU.Build.0 = Release|Any CPU
		{5C381EF3-1B26-4E50-87B9-0D1342BE7818}.Debug|Any CPU.ActiveCfg = Debug|Any CPU
		{5C381EF3-1B26-4E50-87B9-0D1342BE7818}.Debug|Any CPU.Build.0 = Debug|Any CPU
		{5C381EF3-1B26-4E50-87B9-0D1342BE7818}.Release|Any CPU.ActiveCfg = Release|Any CPU
		{5C381EF3-1B26-4E50-87B9-0D1342BE7818}.Release|Any CPU.Build.0 = Release|Any CPU
		{B52FB075-F311-46CA-A722-0E6367BB8E2A}.Debug|Any CPU.ActiveCfg = Debug|Any CPU
		{B52FB075-F311-46CA-A722-0E6367BB8E2A}.Debug|Any CPU.Build.0 = Debug|Any CPU
		{B52FB075-F311-46CA-A722-0E6367BB8E2A}.Release|Any CPU.ActiveCfg = Release|Any CPU
		{B52FB075-F311-46CA-A722-0E6367BB8E2A}.Release|Any CPU.Build.0 = Release|Any CPU
		{F9D305A6-57A1-4162-9681-3976A8CD6545}.Debug|Any CPU.ActiveCfg = Debug|Any CPU
		{F9D305A6-57A1-4162-9681-3976A8CD6545}.Debug|Any CPU.Build.0 = Debug|Any CPU
		{F9D305A6-57A1-4162-9681-3976A8CD6545}.Release|Any CPU.ActiveCfg = Release|Any CPU
		{F9D305A6-57A1-4162-9681-3976A8CD6545}.Release|Any CPU.Build.0 = Release|Any CPU
		{A9064E04-A3B0-4B6F-9C4F-E4846E819508}.Debug|Any CPU.ActiveCfg = Debug|Any CPU
		{A9064E04-A3B0-4B6F-9C4F-E4846E819508}.Debug|Any CPU.Build.0 = Debug|Any CPU
		{A9064E04-A3B0-4B6F-9C4F-E4846E819508}.Release|Any CPU.ActiveCfg = Release|Any CPU
		{A9064E04-A3B0-4B6F-9C4F-E4846E819508}.Release|Any CPU.Build.0 = Release|Any CPU
		{C3511EF3-5010-49AE-B440-07AF087B626C}.Debug|Any CPU.ActiveCfg = Debug|Any CPU
		{C3511EF3-5010-49AE-B440-07AF087B626C}.Debug|Any CPU.Build.0 = Debug|Any CPU
		{C3511EF3-5010-49AE-B440-07AF087B626C}.Release|Any CPU.ActiveCfg = Release|Any CPU
		{C3511EF3-5010-49AE-B440-07AF087B626C}.Release|Any CPU.Build.0 = Release|Any CPU
		{20E30E16-9B95-4562-A0CE-616A732FC35D}.Debug|Any CPU.ActiveCfg = Debug|Any CPU
		{20E30E16-9B95-4562-A0CE-616A732FC35D}.Debug|Any CPU.Build.0 = Debug|Any CPU
		{20E30E16-9B95-4562-A0CE-616A732FC35D}.Release|Any CPU.ActiveCfg = Release|Any CPU
		{20E30E16-9B95-4562-A0CE-616A732FC35D}.Release|Any CPU.Build.0 = Release|Any CPU
		{0A0435B9-017B-41B3-BCD1-678DA9F8E590}.Debug|Any CPU.ActiveCfg = Debug|Any CPU
		{0A0435B9-017B-41B3-BCD1-678DA9F8E590}.Debug|Any CPU.Build.0 = Debug|Any CPU
		{0A0435B9-017B-41B3-BCD1-678DA9F8E590}.Release|Any CPU.ActiveCfg = Release|Any CPU
		{0A0435B9-017B-41B3-BCD1-678DA9F8E590}.Release|Any CPU.Build.0 = Release|Any CPU
		{E710BA35-6033-4653-926F-BA44F7A8A258}.Debug|Any CPU.ActiveCfg = Debug|Any CPU
		{E710BA35-6033-4653-926F-BA44F7A8A258}.Debug|Any CPU.Build.0 = Debug|Any CPU
		{E710BA35-6033-4653-926F-BA44F7A8A258}.Release|Any CPU.ActiveCfg = Release|Any CPU
		{E710BA35-6033-4653-926F-BA44F7A8A258}.Release|Any CPU.Build.0 = Release|Any CPU
		{C9FF88B2-A097-488B-999A-3A2DA5D5538F}.Debug|Any CPU.ActiveCfg = Debug|Any CPU
		{C9FF88B2-A097-488B-999A-3A2DA5D5538F}.Debug|Any CPU.Build.0 = Debug|Any CPU
		{C9FF88B2-A097-488B-999A-3A2DA5D5538F}.Release|Any CPU.ActiveCfg = Release|Any CPU
		{C9FF88B2-A097-488B-999A-3A2DA5D5538F}.Release|Any CPU.Build.0 = Release|Any CPU
		{BB224027-9F5B-4A5A-8369-60A9EE01C1EB}.Debug|Any CPU.ActiveCfg = Debug|Any CPU
		{BB224027-9F5B-4A5A-8369-60A9EE01C1EB}.Debug|Any CPU.Build.0 = Debug|Any CPU
		{BB224027-9F5B-4A5A-8369-60A9EE01C1EB}.Release|Any CPU.ActiveCfg = Release|Any CPU
		{BB224027-9F5B-4A5A-8369-60A9EE01C1EB}.Release|Any CPU.Build.0 = Release|Any CPU
		{F4B66B88-4DDD-4F91-9A53-5C3D375B2D5B}.Debug|Any CPU.ActiveCfg = Debug|Any CPU
		{F4B66B88-4DDD-4F91-9A53-5C3D375B2D5B}.Debug|Any CPU.Build.0 = Debug|Any CPU
		{F4B66B88-4DDD-4F91-9A53-5C3D375B2D5B}.Release|Any CPU.ActiveCfg = Release|Any CPU
		{F4B66B88-4DDD-4F91-9A53-5C3D375B2D5B}.Release|Any CPU.Build.0 = Release|Any CPU
		{63B4E7F3-CB6A-4BA7-B484-0DD2817EC9D0}.Debug|Any CPU.ActiveCfg = Debug|Any CPU
		{63B4E7F3-CB6A-4BA7-B484-0DD2817EC9D0}.Debug|Any CPU.Build.0 = Debug|Any CPU
		{63B4E7F3-CB6A-4BA7-B484-0DD2817EC9D0}.Release|Any CPU.ActiveCfg = Release|Any CPU
		{63B4E7F3-CB6A-4BA7-B484-0DD2817EC9D0}.Release|Any CPU.Build.0 = Release|Any CPU
		{6F9BAB81-F1CF-414A-B926-F4C005982863}.Debug|Any CPU.ActiveCfg = Debug|Any CPU
		{6F9BAB81-F1CF-414A-B926-F4C005982863}.Debug|Any CPU.Build.0 = Debug|Any CPU
		{6F9BAB81-F1CF-414A-B926-F4C005982863}.Release|Any CPU.ActiveCfg = Release|Any CPU
		{6F9BAB81-F1CF-414A-B926-F4C005982863}.Release|Any CPU.Build.0 = Release|Any CPU
		{DBFEFB66-AB54-4190-8B1B-4FC10C2CA65F}.Debug|Any CPU.ActiveCfg = Debug|Any CPU
		{DBFEFB66-AB54-4190-8B1B-4FC10C2CA65F}.Debug|Any CPU.Build.0 = Debug|Any CPU
		{DBFEFB66-AB54-4190-8B1B-4FC10C2CA65F}.Release|Any CPU.ActiveCfg = Release|Any CPU
		{DBFEFB66-AB54-4190-8B1B-4FC10C2CA65F}.Release|Any CPU.Build.0 = Release|Any CPU
		{766ED185-DA87-4D2B-834A-47326C3D2CD6}.Debug|Any CPU.ActiveCfg = Debug|Any CPU
		{766ED185-DA87-4D2B-834A-47326C3D2CD6}.Debug|Any CPU.Build.0 = Debug|Any CPU
		{766ED185-DA87-4D2B-834A-47326C3D2CD6}.Release|Any CPU.ActiveCfg = Release|Any CPU
		{766ED185-DA87-4D2B-834A-47326C3D2CD6}.Release|Any CPU.Build.0 = Release|Any CPU
		{F9167996-B60F-4FB1-8E57-1CE0DFA42F6B}.Debug|Any CPU.ActiveCfg = Debug|Any CPU
		{F9167996-B60F-4FB1-8E57-1CE0DFA42F6B}.Debug|Any CPU.Build.0 = Debug|Any CPU
		{F9167996-B60F-4FB1-8E57-1CE0DFA42F6B}.Release|Any CPU.ActiveCfg = Release|Any CPU
		{F9167996-B60F-4FB1-8E57-1CE0DFA42F6B}.Release|Any CPU.Build.0 = Release|Any CPU
		{3130BACF-19A4-4363-B654-17E7CF3F1A08}.Debug|Any CPU.ActiveCfg = Debug|Any CPU
		{3130BACF-19A4-4363-B654-17E7CF3F1A08}.Debug|Any CPU.Build.0 = Debug|Any CPU
		{3130BACF-19A4-4363-B654-17E7CF3F1A08}.Release|Any CPU.ActiveCfg = Release|Any CPU
		{3130BACF-19A4-4363-B654-17E7CF3F1A08}.Release|Any CPU.Build.0 = Release|Any CPU
		{8362353C-3A71-4CB8-97E3-18715285ADD2}.Debug|Any CPU.ActiveCfg = Debug|Any CPU
		{8362353C-3A71-4CB8-97E3-18715285ADD2}.Debug|Any CPU.Build.0 = Debug|Any CPU
		{8362353C-3A71-4CB8-97E3-18715285ADD2}.Release|Any CPU.ActiveCfg = Release|Any CPU
		{8362353C-3A71-4CB8-97E3-18715285ADD2}.Release|Any CPU.Build.0 = Release|Any CPU
		{D7B53199-8241-4938-862B-FA73BC036E7F}.Debug|Any CPU.ActiveCfg = Debug|Any CPU
		{D7B53199-8241-4938-862B-FA73BC036E7F}.Debug|Any CPU.Build.0 = Debug|Any CPU
		{D7B53199-8241-4938-862B-FA73BC036E7F}.Release|Any CPU.ActiveCfg = Release|Any CPU
		{D7B53199-8241-4938-862B-FA73BC036E7F}.Release|Any CPU.Build.0 = Release|Any CPU
		{39CE6CB5-BC48-4FBC-872F-9D425C93A041}.Debug|Any CPU.ActiveCfg = Debug|Any CPU
		{39CE6CB5-BC48-4FBC-872F-9D425C93A041}.Debug|Any CPU.Build.0 = Debug|Any CPU
		{39CE6CB5-BC48-4FBC-872F-9D425C93A041}.Release|Any CPU.ActiveCfg = Release|Any CPU
		{39CE6CB5-BC48-4FBC-872F-9D425C93A041}.Release|Any CPU.Build.0 = Release|Any CPU
		{BB48CC3F-0493-4B10-A80F-A0A593454100}.Debug|Any CPU.ActiveCfg = Debug|Any CPU
		{BB48CC3F-0493-4B10-A80F-A0A593454100}.Debug|Any CPU.Build.0 = Debug|Any CPU
		{BB48CC3F-0493-4B10-A80F-A0A593454100}.Release|Any CPU.ActiveCfg = Release|Any CPU
		{BB48CC3F-0493-4B10-A80F-A0A593454100}.Release|Any CPU.Build.0 = Release|Any CPU
		{19A29F00-398D-4FBC-B960-BBC5AB6D3EF6}.Debug|Any CPU.ActiveCfg = Debug|Any CPU
		{19A29F00-398D-4FBC-B960-BBC5AB6D3EF6}.Debug|Any CPU.Build.0 = Debug|Any CPU
		{19A29F00-398D-4FBC-B960-BBC5AB6D3EF6}.Release|Any CPU.ActiveCfg = Release|Any CPU
		{19A29F00-398D-4FBC-B960-BBC5AB6D3EF6}.Release|Any CPU.Build.0 = Release|Any CPU
		{14C3CE55-4A23-4BC5-BE05-50B0E5EDB173}.Debug|Any CPU.ActiveCfg = Debug|Any CPU
		{14C3CE55-4A23-4BC5-BE05-50B0E5EDB173}.Debug|Any CPU.Build.0 = Debug|Any CPU
		{14C3CE55-4A23-4BC5-BE05-50B0E5EDB173}.Release|Any CPU.ActiveCfg = Release|Any CPU
		{14C3CE55-4A23-4BC5-BE05-50B0E5EDB173}.Release|Any CPU.Build.0 = Release|Any CPU
		{8D8851F6-E728-4C62-A240-12DE6507B546}.Debug|Any CPU.ActiveCfg = Debug|Any CPU
		{8D8851F6-E728-4C62-A240-12DE6507B546}.Debug|Any CPU.Build.0 = Debug|Any CPU
		{8D8851F6-E728-4C62-A240-12DE6507B546}.Release|Any CPU.ActiveCfg = Release|Any CPU
		{8D8851F6-E728-4C62-A240-12DE6507B546}.Release|Any CPU.Build.0 = Release|Any CPU
		{D6B39757-BF07-4446-8A43-98912F8BBDE6}.Debug|Any CPU.ActiveCfg = Debug|Any CPU
		{D6B39757-BF07-4446-8A43-98912F8BBDE6}.Debug|Any CPU.Build.0 = Debug|Any CPU
		{D6B39757-BF07-4446-8A43-98912F8BBDE6}.Release|Any CPU.ActiveCfg = Release|Any CPU
		{D6B39757-BF07-4446-8A43-98912F8BBDE6}.Release|Any CPU.Build.0 = Release|Any CPU
		{9CF21A94-6884-4D4C-BABA-19D989555F97}.Debug|Any CPU.ActiveCfg = Debug|Any CPU
		{9CF21A94-6884-4D4C-BABA-19D989555F97}.Debug|Any CPU.Build.0 = Debug|Any CPU
		{9CF21A94-6884-4D4C-BABA-19D989555F97}.Release|Any CPU.ActiveCfg = Release|Any CPU
		{9CF21A94-6884-4D4C-BABA-19D989555F97}.Release|Any CPU.Build.0 = Release|Any CPU
		{874445AD-17EB-4879-8BAD-705E99C626C0}.Debug|Any CPU.ActiveCfg = Debug|Any CPU
		{874445AD-17EB-4879-8BAD-705E99C626C0}.Debug|Any CPU.Build.0 = Debug|Any CPU
		{874445AD-17EB-4879-8BAD-705E99C626C0}.Release|Any CPU.ActiveCfg = Release|Any CPU
		{874445AD-17EB-4879-8BAD-705E99C626C0}.Release|Any CPU.Build.0 = Release|Any CPU
		{ABAAB146-EC28-4130-B74B-D84EF14B95E7}.Debug|Any CPU.ActiveCfg = Debug|Any CPU
		{ABAAB146-EC28-4130-B74B-D84EF14B95E7}.Debug|Any CPU.Build.0 = Debug|Any CPU
		{ABAAB146-EC28-4130-B74B-D84EF14B95E7}.Release|Any CPU.ActiveCfg = Release|Any CPU
		{ABAAB146-EC28-4130-B74B-D84EF14B95E7}.Release|Any CPU.Build.0 = Release|Any CPU
		{5A5111EF-00DA-4CA3-8CBF-A47CF7D397F0}.Debug|Any CPU.ActiveCfg = Debug|Any CPU
		{5A5111EF-00DA-4CA3-8CBF-A47CF7D397F0}.Debug|Any CPU.Build.0 = Debug|Any CPU
		{5A5111EF-00DA-4CA3-8CBF-A47CF7D397F0}.Release|Any CPU.ActiveCfg = Release|Any CPU
		{5A5111EF-00DA-4CA3-8CBF-A47CF7D397F0}.Release|Any CPU.Build.0 = Release|Any CPU
		{CEE6D07B-E7C1-47F2-96A7-9C0D6088095C}.Debug|Any CPU.ActiveCfg = Debug|Any CPU
		{CEE6D07B-E7C1-47F2-96A7-9C0D6088095C}.Debug|Any CPU.Build.0 = Debug|Any CPU
		{CEE6D07B-E7C1-47F2-96A7-9C0D6088095C}.Release|Any CPU.ActiveCfg = Release|Any CPU
		{CEE6D07B-E7C1-47F2-96A7-9C0D6088095C}.Release|Any CPU.Build.0 = Release|Any CPU
		{495DC61A-281E-44D3-BD49-5282DEBD908B}.Debug|Any CPU.ActiveCfg = Debug|Any CPU
		{495DC61A-281E-44D3-BD49-5282DEBD908B}.Debug|Any CPU.Build.0 = Debug|Any CPU
		{495DC61A-281E-44D3-BD49-5282DEBD908B}.Release|Any CPU.ActiveCfg = Release|Any CPU
		{495DC61A-281E-44D3-BD49-5282DEBD908B}.Release|Any CPU.Build.0 = Release|Any CPU
	EndGlobalSection
	GlobalSection(SolutionProperties) = preSolution
		HideSolutionNode = FALSE
	EndGlobalSection
	GlobalSection(ExtensibilityGlobals) = postSolution
		SolutionGuid = {A5C231FA-3CFC-4270-BF02-DE6CCEAE94B1}
	EndGlobalSection
EndGlobal
